
Microsoft Visual Studio Solution File, Format Version 12.00
# Visual Studio 15
VisualStudioVersion = 15.0.27130.2036
MinimumVisualStudioVersion = 10.0.40219.1
Project("{FAE04EC0-301F-11D3-BF4B-00C04F79EFBC}") = "MyDiary", "MyDiary\MyDiary.csproj", "{4BC7BB39-505D-45E7-9C54-2B99504FAE72}"
EndProject
Global
	GlobalSection(SolutionConfigurationPlatforms) = preSolution
		Debug|Any CPU = Debug|Any CPU
		Release|Any CPU = Release|Any CPU
	EndGlobalSection
	GlobalSection(ProjectConfigurationPlatforms) = postSolution
		{4BC7BB39-505D-45E7-9C54-2B99504FAE72}.Debug|Any CPU.ActiveCfg = Debug|Any CPU
		{4BC7BB39-505D-45E7-9C54-2B99504FAE72}.Debug|Any CPU.Build.0 = Debug|Any CPU
		{4BC7BB39-505D-45E7-9C54-2B99504FAE72}.Release|Any CPU.ActiveCfg = Release|Any CPU
		{4BC7BB39-505D-45E7-9C54-2B99504FAE72}.Release|Any CPU.Build.0 = Release|Any CPU
	EndGlobalSection
	GlobalSection(SolutionProperties) = preSolution
		HideSolutionNode = FALSE
	EndGlobalSection
	GlobalSection(ExtensibilityGlobals) = postSolution
		SolutionGuid = {D8B7CD08-650B-431E-A677-A8C505B32599}
	EndGlobalSection
EndGlobal
